
Microsoft Visual Studio Solution File, Format Version 12.00
# Visual Studio Version 17
VisualStudioVersion = 17.4.33213.308
MinimumVisualStudioVersion = 10.0.40219.1
Project("{FAE04EC0-301F-11D3-BF4B-00C04F79EFBC}") = "Compuerta_XOR_NAND", "Compuerta_XOR_NAND\Compuerta_XOR_NAND.csproj", "{668FC489-BB16-468B-9DE7-A35443A20E2C}"
EndProject
Global
	GlobalSection(SolutionConfigurationPlatforms) = preSolution
		Debug|Any CPU = Debug|Any CPU
		Release|Any CPU = Release|Any CPU
	EndGlobalSection
	GlobalSection(ProjectConfigurationPlatforms) = postSolution
		{668FC489-BB16-468B-9DE7-A35443A20E2C}.Debug|Any CPU.ActiveCfg = Debug|Any CPU
		{668FC489-BB16-468B-9DE7-A35443A20E2C}.Debug|Any CPU.Build.0 = Debug|Any CPU
		{668FC489-BB16-468B-9DE7-A35443A20E2C}.Release|Any CPU.ActiveCfg = Release|Any CPU
		{668FC489-BB16-468B-9DE7-A35443A20E2C}.Release|Any CPU.Build.0 = Release|Any CPU
	EndGlobalSection
	GlobalSection(SolutionProperties) = preSolution
		HideSolutionNode = FALSE
	EndGlobalSection
	GlobalSection(ExtensibilityGlobals) = postSolution
		SolutionGuid = {B430A69F-5E78-4B78-BC48-968A23F78B32}
	EndGlobalSection
EndGlobal
